
Microsoft Visual Studio Solution File, Format Version 12.00
# Visual Studio Version 17
VisualStudioVersion = 17.6.33723.286
MinimumVisualStudioVersion = 10.0.40219.1
Project("{FAE04EC0-301F-11D3-BF4B-00C04F79EFBC}") = "DotNetCoreDominationBootcampDay3", "DotNetCoreDominationBootcampDay3.csproj", "{0702B8DF-252B-4AC4-BAA1-B82735EF2CEF}"
EndProject
Global
	GlobalSection(SolutionConfigurationPlatforms) = preSolution
		Debug|Any CPU = Debug|Any CPU
		Release|Any CPU = Release|Any CPU
	EndGlobalSection
	GlobalSection(ProjectConfigurationPlatforms) = postSolution
		{0702B8DF-252B-4AC4-BAA1-B82735EF2CEF}.Debug|Any CPU.ActiveCfg = Debug|Any CPU
		{0702B8DF-252B-4AC4-BAA1-B82735EF2CEF}.Debug|Any CPU.Build.0 = Debug|Any CPU
		{0702B8DF-252B-4AC4-BAA1-B82735EF2CEF}.Release|Any CPU.ActiveCfg = Release|Any CPU
		{0702B8DF-252B-4AC4-BAA1-B82735EF2CEF}.Release|Any CPU.Build.0 = Release|Any CPU
	EndGlobalSection
	GlobalSection(SolutionProperties) = preSolution
		HideSolutionNode = FALSE
	EndGlobalSection
	GlobalSection(ExtensibilityGlobals) = postSolution
		SolutionGuid = {3D126753-4DF9-4EE0-BEFA-C40E735A4A47}
	EndGlobalSection
EndGlobal
